// !$*UTF8*$!
{
	archiveVersion = 1;
	classes = {
	};
	objectVersion = 50;
	objects = {

/* Begin PBXBuildFile section */
		2E306C542333DD1C00AF58CD /* AppDelegate.swift in Sources */ = {isa = PBXBuildFile; fileRef = 2E306C532333DD1C00AF58CD /* AppDelegate.swift */; };
		2E306C562333DD1C00AF58CD /* RestaurantViewController.swift in Sources */ = {isa = PBXBuildFile; fileRef = 2E306C552333DD1C00AF58CD /* RestaurantViewController.swift */; };
		2E306C5E2333DD1D00AF58CD /* Assets.xcassets in Resources */ = {isa = PBXBuildFile; fileRef = 2E306C5D2333DD1D00AF58CD /* Assets.xcassets */; };
		2E54310E2334F09E0094C6EE /* RemoteRestaurantRepository.swift in Sources */ = {isa = PBXBuildFile; fileRef = 2E54310B2334F09E0094C6EE /* RemoteRestaurantRepository.swift */; };
		2E54310F2334F09E0094C6EE /* Restaurant.swift in Sources */ = {isa = PBXBuildFile; fileRef = 2E54310C2334F09E0094C6EE /* Restaurant.swift */; };
		2E5431102334F09E0094C6EE /* RestaurantParser.swift in Sources */ = {isa = PBXBuildFile; fileRef = 2E54310D2334F09E0094C6EE /* RestaurantParser.swift */; };
		2E5431122334F0AA0094C6EE /* Caller.swift in Sources */ = {isa = PBXBuildFile; fileRef = 2E5431112334F0AA0094C6EE /* Caller.swift */; };
		2E5431142334F0D50094C6EE /* RemoteRestaurantRepositoryTests.swift in Sources */ = {isa = PBXBuildFile; fileRef = 2E5431132334F0D50094C6EE /* RemoteRestaurantRepositoryTests.swift */; };
		2E67E48F23607E300049316C /* TitleSectionView.swift in Sources */ = {isa = PBXBuildFile; fileRef = 2E67E48E23607E300049316C /* TitleSectionView.swift */; };
		2E67E4932360A19E0049316C /* MenuSectionView.swift in Sources */ = {isa = PBXBuildFile; fileRef = 2E67E4922360A19E0049316C /* MenuSectionView.swift */; };
		2E67E4952360A2190049316C /* TripAdvisorSectionView.swift in Sources */ = {isa = PBXBuildFile; fileRef = 2E67E4942360A2190049316C /* TripAdvisorSectionView.swift */; };
		2E884B492347581A0074CAE7 /* SequenceExtension.swift in Sources */ = {isa = PBXBuildFile; fileRef = 2E884B482347581A0074CAE7 /* SequenceExtension.swift */; };
		2EC7FEDD2361072C00C9D88B /* RestaurantParserTests.swift in Sources */ = {isa = PBXBuildFile; fileRef = 2EC7FEDC2361072C00C9D88B /* RestaurantParserTests.swift */; };
		2EC7FEDF2361315300C9D88B /* LaunchScreen.storyboard in Resources */ = {isa = PBXBuildFile; fileRef = 2EC7FEDE2361315300C9D88B /* LaunchScreen.storyboard */; };
		2EE76C7C2333E1C900073A4A /* RestaurantController.swift in Sources */ = {isa = PBXBuildFile; fileRef = 2EE76C7B2333E1C900073A4A /* RestaurantController.swift */; };
		2EE76C7F2333E32500073A4A /* RestaurantInteractor.swift in Sources */ = {isa = PBXBuildFile; fileRef = 2EE76C7E2333E32500073A4A /* RestaurantInteractor.swift */; };
		2EE76C812333E38D00073A4A /* Executor.swift in Sources */ = {isa = PBXBuildFile; fileRef = 2EE76C802333E38D00073A4A /* Executor.swift */; };
		2EE76C992333E49F00073A4A /* RestaurantPresenterImpl.swift in Sources */ = {isa = PBXBuildFile; fileRef = 2EE76C982333E49F00073A4A /* RestaurantPresenterImpl.swift */; };
		2EE76C9B2333E57A00073A4A /* RestaurantViewModel.swift in Sources */ = {isa = PBXBuildFile; fileRef = 2EE76C9A2333E57A00073A4A /* RestaurantViewModel.swift */; };
		2EE76C9F2333E75000073A4A /* Util.swift in Sources */ = {isa = PBXBuildFile; fileRef = 2EE76C9E2333E75000073A4A /* Util.swift */; };
		2EE76CA32334C62000073A4A /* LaFourchetteModule.swift in Sources */ = {isa = PBXBuildFile; fileRef = 2EE76CA22334C62000073A4A /* LaFourchetteModule.swift */; };
		2EE76CA52334C66A00073A4A /* AppRouter.swift in Sources */ = {isa = PBXBuildFile; fileRef = 2EE76CA42334C66A00073A4A /* AppRouter.swift */; };
		2EE76CB22334D6A400073A4A /* RestaurantControllerTests.swift in Sources */ = {isa = PBXBuildFile; fileRef = 2EE76CB12334D6A400073A4A /* RestaurantControllerTests.swift */; };
		2EE76CBA2334D6FC00073A4A /* MockExecutor.swift in Sources */ = {isa = PBXBuildFile; fileRef = 2EE76CB92334D6FC00073A4A /* MockExecutor.swift */; };
		2EE76CBD2334DA2300073A4A /* RestaurantInteractorTests.swift in Sources */ = {isa = PBXBuildFile; fileRef = 2EE76CBC2334DA2300073A4A /* RestaurantInteractorTests.swift */; };
		2EEB1360233507E600445292 /* RestaurantPresenterTests.swift in Sources */ = {isa = PBXBuildFile; fileRef = 2EEB135F233507E600445292 /* RestaurantPresenterTests.swift */; };
		2EFF244423619E5B0059F38A /* RestaurantPresenter.swift in Sources */ = {isa = PBXBuildFile; fileRef = 2EFF244323619E5B0059F38A /* RestaurantPresenter.swift */; };
/* End PBXBuildFile section */

/* Begin PBXContainerItemProxy section */
		2EE76CB42334D6A400073A4A /* PBXContainerItemProxy */ = {
			isa = PBXContainerItemProxy;
			containerPortal = 2E306C482333DD1C00AF58CD /* Project object */;
			proxyType = 1;
			remoteGlobalIDString = 2E306C4F2333DD1C00AF58CD;
			remoteInfo = "Henri Potier";
		};
/* End PBXContainerItemProxy section */

/* Begin PBXFileReference section */
		2E306C502333DD1C00AF58CD /* LaFourchette.app */ = {isa = PBXFileReference; explicitFileType = wrapper.application; includeInIndex = 0; path = LaFourchette.app; sourceTree = BUILT_PRODUCTS_DIR; };
		2E306C532333DD1C00AF58CD /* AppDelegate.swift */ = {isa = PBXFileReference; lastKnownFileType = sourcecode.swift; path = AppDelegate.swift; sourceTree = "<group>"; };
		2E306C552333DD1C00AF58CD /* RestaurantViewController.swift */ = {isa = PBXFileReference; lastKnownFileType = sourcecode.swift; path = RestaurantViewController.swift; sourceTree = "<group>"; };
		2E306C5D2333DD1D00AF58CD /* Assets.xcassets */ = {isa = PBXFileReference; lastKnownFileType = folder.assetcatalog; path = Assets.xcassets; sourceTree = "<group>"; };
		2E306C622333DD1D00AF58CD /* Info.plist */ = {isa = PBXFileReference; lastKnownFileType = text.plist.xml; path = Info.plist; sourceTree = "<group>"; };
		2E54310B2334F09E0094C6EE /* RemoteRestaurantRepository.swift */ = {isa = PBXFileReference; fileEncoding = 4; lastKnownFileType = sourcecode.swift; path = RemoteRestaurantRepository.swift; sourceTree = "<group>"; };
		2E54310C2334F09E0094C6EE /* Restaurant.swift */ = {isa = PBXFileReference; fileEncoding = 4; lastKnownFileType = sourcecode.swift; path = Restaurant.swift; sourceTree = "<group>"; };
		2E54310D2334F09E0094C6EE /* RestaurantParser.swift */ = {isa = PBXFileReference; fileEncoding = 4; lastKnownFileType = sourcecode.swift; path = RestaurantParser.swift; sourceTree = "<group>"; };
		2E5431112334F0AA0094C6EE /* Caller.swift */ = {isa = PBXFileReference; fileEncoding = 4; lastKnownFileType = sourcecode.swift; path = Caller.swift; sourceTree = "<group>"; };
		2E5431132334F0D50094C6EE /* RemoteRestaurantRepositoryTests.swift */ = {isa = PBXFileReference; lastKnownFileType = sourcecode.swift; path = RemoteRestaurantRepositoryTests.swift; sourceTree = "<group>"; };
		2E67E48E23607E300049316C /* TitleSectionView.swift */ = {isa = PBXFileReference; lastKnownFileType = sourcecode.swift; path = TitleSectionView.swift; sourceTree = "<group>"; };
		2E67E4922360A19E0049316C /* MenuSectionView.swift */ = {isa = PBXFileReference; lastKnownFileType = sourcecode.swift; path = MenuSectionView.swift; sourceTree = "<group>"; };
		2E67E4942360A2190049316C /* TripAdvisorSectionView.swift */ = {isa = PBXFileReference; lastKnownFileType = sourcecode.swift; path = TripAdvisorSectionView.swift; sourceTree = "<group>"; };
		2E884B482347581A0074CAE7 /* SequenceExtension.swift */ = {isa = PBXFileReference; lastKnownFileType = sourcecode.swift; path = SequenceExtension.swift; sourceTree = "<group>"; };
		2EC7FEDC2361072C00C9D88B /* RestaurantParserTests.swift */ = {isa = PBXFileReference; lastKnownFileType = sourcecode.swift; path = RestaurantParserTests.swift; sourceTree = "<group>"; };
		2EC7FEDE2361315300C9D88B /* LaunchScreen.storyboard */ = {isa = PBXFileReference; fileEncoding = 4; lastKnownFileType = file.storyboard; path = LaunchScreen.storyboard; sourceTree = "<group>"; };
		2EE76C7B2333E1C900073A4A /* RestaurantController.swift */ = {isa = PBXFileReference; lastKnownFileType = sourcecode.swift; path = RestaurantController.swift; sourceTree = "<group>"; };
		2EE76C7E2333E32500073A4A /* RestaurantInteractor.swift */ = {isa = PBXFileReference; lastKnownFileType = sourcecode.swift; path = RestaurantInteractor.swift; sourceTree = "<group>"; };
		2EE76C802333E38D00073A4A /* Executor.swift */ = {isa = PBXFileReference; lastKnownFileType = sourcecode.swift; path = Executor.swift; sourceTree = "<group>"; };
		2EE76C982333E49F00073A4A /* RestaurantPresenterImpl.swift */ = {isa = PBXFileReference; lastKnownFileType = sourcecode.swift; path = RestaurantPresenterImpl.swift; sourceTree = "<group>"; };
		2EE76C9A2333E57A00073A4A /* RestaurantViewModel.swift */ = {isa = PBXFileReference; lastKnownFileType = sourcecode.swift; path = RestaurantViewModel.swift; sourceTree = "<group>"; };
		2EE76C9E2333E75000073A4A /* Util.swift */ = {isa = PBXFileReference; lastKnownFileType = sourcecode.swift; path = Util.swift; sourceTree = "<group>"; };
		2EE76CA22334C62000073A4A /* LaFourchetteModule.swift */ = {isa = PBXFileReference; lastKnownFileType = sourcecode.swift; path = LaFourchetteModule.swift; sourceTree = "<group>"; };
		2EE76CA42334C66A00073A4A /* AppRouter.swift */ = {isa = PBXFileReference; lastKnownFileType = sourcecode.swift; path = AppRouter.swift; sourceTree = "<group>"; };
		2EE76CAF2334D6A400073A4A /* LaFourchetteTests.xctest */ = {isa = PBXFileReference; explicitFileType = wrapper.cfbundle; includeInIndex = 0; path = LaFourchetteTests.xctest; sourceTree = BUILT_PRODUCTS_DIR; };
		2EE76CB12334D6A400073A4A /* RestaurantControllerTests.swift */ = {isa = PBXFileReference; lastKnownFileType = sourcecode.swift; path = RestaurantControllerTests.swift; sourceTree = "<group>"; };
		2EE76CB32334D6A400073A4A /* Info.plist */ = {isa = PBXFileReference; lastKnownFileType = text.plist.xml; path = Info.plist; sourceTree = "<group>"; };
		2EE76CB92334D6FC00073A4A /* MockExecutor.swift */ = {isa = PBXFileReference; lastKnownFileType = sourcecode.swift; path = MockExecutor.swift; sourceTree = "<group>"; };
		2EE76CBC2334DA2300073A4A /* RestaurantInteractorTests.swift */ = {isa = PBXFileReference; lastKnownFileType = sourcecode.swift; path = RestaurantInteractorTests.swift; sourceTree = "<group>"; };
		2EEB135F233507E600445292 /* RestaurantPresenterTests.swift */ = {isa = PBXFileReference; lastKnownFileType = sourcecode.swift; path = RestaurantPresenterTests.swift; sourceTree = "<group>"; };
		2EFF244323619E5B0059F38A /* RestaurantPresenter.swift */ = {isa = PBXFileReference; lastKnownFileType = sourcecode.swift; path = RestaurantPresenter.swift; sourceTree = "<group>"; };
/* End PBXFileReference section */

/* Begin PBXFrameworksBuildPhase section */
		2E306C4D2333DD1C00AF58CD /* Frameworks */ = {
			isa = PBXFrameworksBuildPhase;
			buildActionMask = 2147483647;
			files = (
			);
			runOnlyForDeploymentPostprocessing = 0;
		};
		2EE76CAC2334D6A400073A4A /* Frameworks */ = {
			isa = PBXFrameworksBuildPhase;
			buildActionMask = 2147483647;
			files = (
			);
			runOnlyForDeploymentPostprocessing = 0;
		};
/* End PBXFrameworksBuildPhase section */

/* Begin PBXGroup section */
		2E306C472333DD1C00AF58CD = {
			isa = PBXGroup;
			children = (
				2E306C522333DD1C00AF58CD /* LaFourchette */,
				2EE76CB02334D6A400073A4A /* LaFourchetteTests */,
				2E306C512333DD1C00AF58CD /* Products */,
			);
			sourceTree = "<group>";
		};
		2E306C512333DD1C00AF58CD /* Products */ = {
			isa = PBXGroup;
			children = (
				2E306C502333DD1C00AF58CD /* LaFourchette.app */,
				2EE76CAF2334D6A400073A4A /* LaFourchetteTests.xctest */,
			);
			name = Products;
			sourceTree = "<group>";
		};
		2E306C522333DD1C00AF58CD /* LaFourchette */ = {
			isa = PBXGroup;
			children = (
				2EE76CA22334C62000073A4A /* LaFourchetteModule.swift */,
				2EE76C752333DDD800073A4A /* Restaurant */,
				2EE76C792333DE2900073A4A /* Supporting Files */,
				2E306C5D2333DD1D00AF58CD /* Assets.xcassets */,
				2E306C622333DD1D00AF58CD /* Info.plist */,
				2EC7FEDE2361315300C9D88B /* LaunchScreen.storyboard */,
			);
			path = LaFourchette;
			sourceTree = "<group>";
		};
		2E54310A2334F0850094C6EE /* Repository */ = {
			isa = PBXGroup;
			children = (
				2EEB13452334F5E300445292 /* remote */,
				2E54310C2334F09E0094C6EE /* Restaurant.swift */,
				2E54310D2334F09E0094C6EE /* RestaurantParser.swift */,
			);
			path = Repository;
			sourceTree = "<group>";
		};
		2E67E48D23607E170049316C /* CustomView */ = {
			isa = PBXGroup;
			children = (
				2E67E48E23607E300049316C /* TitleSectionView.swift */,
				2E67E4922360A19E0049316C /* MenuSectionView.swift */,
				2E67E4942360A2190049316C /* TripAdvisorSectionView.swift */,
			);
			path = CustomView;
			sourceTree = "<group>";
		};
		2EE76C752333DDD800073A4A /* Restaurant */ = {
			isa = PBXGroup;
			children = (
				2E54310A2334F0850094C6EE /* Repository */,
				2EE76C7D2333E31000073A4A /* Core */,
				2EE76C7A2333E1B400073A4A /* View */,
			);
			path = Restaurant;
			sourceTree = "<group>";
		};
		2EE76C792333DE2900073A4A /* Supporting Files */ = {
			isa = PBXGroup;
			children = (
				2E5431112334F0AA0094C6EE /* Caller.swift */,
				2E306C532333DD1C00AF58CD /* AppDelegate.swift */,
				2EE76C802333E38D00073A4A /* Executor.swift */,
				2EE76C9E2333E75000073A4A /* Util.swift */,
				2EE76CA42334C66A00073A4A /* AppRouter.swift */,
				2E884B482347581A0074CAE7 /* SequenceExtension.swift */,
			);
			path = "Supporting Files";
			sourceTree = "<group>";
		};
		2EE76C7A2333E1B400073A4A /* View */ = {
			isa = PBXGroup;
			children = (
				2E67E48D23607E170049316C /* CustomView */,
				2E306C552333DD1C00AF58CD /* RestaurantViewController.swift */,
				2EE76C7B2333E1C900073A4A /* RestaurantController.swift */,
				2EE76C982333E49F00073A4A /* RestaurantPresenterImpl.swift */,
				2EE76C9A2333E57A00073A4A /* RestaurantViewModel.swift */,
			);
			path = View;
			sourceTree = "<group>";
		};
		2EE76C7D2333E31000073A4A /* Core */ = {
			isa = PBXGroup;
			children = (
				2EE76C7E2333E32500073A4A /* RestaurantInteractor.swift */,
				2EFF244323619E5B0059F38A /* RestaurantPresenter.swift */,
			);
			path = Core;
			sourceTree = "<group>";
		};
		2EE76CB02334D6A400073A4A /* LaFourchetteTests */ = {
			isa = PBXGroup;
			children = (
				2EE76CB92334D6FC00073A4A /* MockExecutor.swift */,
				2EE76CBB2334D72B00073A4A /* Restaurant */,
				2EE76CB32334D6A400073A4A /* Info.plist */,
			);
			path = LaFourchetteTests;
			sourceTree = "<group>";
		};
		2EE76CBB2334D72B00073A4A /* Restaurant */ = {
			isa = PBXGroup;
			children = (
				2EE76CB12334D6A400073A4A /* RestaurantControllerTests.swift */,
				2EE76CBC2334DA2300073A4A /* RestaurantInteractorTests.swift */,
				2E5431132334F0D50094C6EE /* RemoteRestaurantRepositoryTests.swift */,
				2EEB135F233507E600445292 /* RestaurantPresenterTests.swift */,
				2EC7FEDC2361072C00C9D88B /* RestaurantParserTests.swift */,
			);
			path = Restaurant;
			sourceTree = "<group>";
		};
		2EEB13452334F5E300445292 /* remote */ = {
			isa = PBXGroup;
			children = (
				2E54310B2334F09E0094C6EE /* RemoteRestaurantRepository.swift */,
			);
			path = remote;
			sourceTree = "<group>";
		};
/* End PBXGroup section */

/* Begin PBXNativeTarget section */
		2E306C4F2333DD1C00AF58CD /* LaFourchette */ = {
			isa = PBXNativeTarget;
			buildConfigurationList = 2E306C652333DD1D00AF58CD /* Build configuration list for PBXNativeTarget "LaFourchette" */;
			buildPhases = (
				2E306C4C2333DD1C00AF58CD /* Sources */,
				2E306C4D2333DD1C00AF58CD /* Frameworks */,
				2E306C4E2333DD1C00AF58CD /* Resources */,
			);
			buildRules = (
			);
			dependencies = (
			);
			name = LaFourchette;
			productName = "Henri Potier";
			productReference = 2E306C502333DD1C00AF58CD /* LaFourchette.app */;
			productType = "com.apple.product-type.application";
		};
		2EE76CAE2334D6A400073A4A /* LaFourchetteTests */ = {
			isa = PBXNativeTarget;
			buildConfigurationList = 2EE76CB62334D6A400073A4A /* Build configuration list for PBXNativeTarget "LaFourchetteTests" */;
			buildPhases = (
				2EE76CAB2334D6A400073A4A /* Sources */,
				2EE76CAC2334D6A400073A4A /* Frameworks */,
				2EE76CAD2334D6A400073A4A /* Resources */,
			);
			buildRules = (
			);
			dependencies = (
				2EE76CB52334D6A400073A4A /* PBXTargetDependency */,
			);
			name = LaFourchetteTests;
			productName = "Henri PotierTests";
			productReference = 2EE76CAF2334D6A400073A4A /* LaFourchetteTests.xctest */;
			productType = "com.apple.product-type.bundle.unit-test";
		};
/* End PBXNativeTarget section */

/* Begin PBXProject section */
		2E306C482333DD1C00AF58CD /* Project object */ = {
			isa = PBXProject;
			attributes = {
				LastSwiftUpdateCheck = 1030;
				LastUpgradeCheck = 1030;
				ORGANIZATIONNAME = "Paul Bancarel";
				TargetAttributes = {
					2E306C4F2333DD1C00AF58CD = {
						CreatedOnToolsVersion = 10.3;
					};
					2EE76CAE2334D6A400073A4A = {
						CreatedOnToolsVersion = 10.3;
						TestTargetID = 2E306C4F2333DD1C00AF58CD;
					};
				};
			};
			buildConfigurationList = 2E306C4B2333DD1C00AF58CD /* Build configuration list for PBXProject "LaFourchette" */;
			compatibilityVersion = "Xcode 9.3";
			developmentRegion = en;
			hasScannedForEncodings = 0;
			knownRegions = (
				en,
				Base,
			);
			mainGroup = 2E306C472333DD1C00AF58CD;
			productRefGroup = 2E306C512333DD1C00AF58CD /* Products */;
			projectDirPath = "";
			projectRoot = "";
			targets = (
				2E306C4F2333DD1C00AF58CD /* LaFourchette */,
				2EE76CAE2334D6A400073A4A /* LaFourchetteTests */,
			);
		};
/* End PBXProject section */

/* Begin PBXResourcesBuildPhase section */
		2E306C4E2333DD1C00AF58CD /* Resources */ = {
			isa = PBXResourcesBuildPhase;
			buildActionMask = 2147483647;
			files = (
				2E306C5E2333DD1D00AF58CD /* Assets.xcassets in Resources */,
				2EC7FEDF2361315300C9D88B /* LaunchScreen.storyboard in Resources */,
			);
			runOnlyForDeploymentPostprocessing = 0;
		};
		2EE76CAD2334D6A400073A4A /* Resources */ = {
			isa = PBXResourcesBuildPhase;
			buildActionMask = 2147483647;
			files = (
			);
			runOnlyForDeploymentPostprocessing = 0;
		};
/* End PBXResourcesBuildPhase section */

/* Begin PBXSourcesBuildPhase section */
		2E306C4C2333DD1C00AF58CD /* Sources */ = {
			isa = PBXSourcesBuildPhase;
			buildActionMask = 2147483647;
			files = (
				2E67E48F23607E300049316C /* TitleSectionView.swift in Sources */,
				2E54310F2334F09E0094C6EE /* Restaurant.swift in Sources */,
				2EE76C9F2333E75000073A4A /* Util.swift in Sources */,
				2E5431102334F09E0094C6EE /* RestaurantParser.swift in Sources */,
				2EE76CA32334C62000073A4A /* LaFourchetteModule.swift in Sources */,
				2E306C562333DD1C00AF58CD /* RestaurantViewController.swift in Sources */,
				2E67E4932360A19E0049316C /* MenuSectionView.swift in Sources */,
				2EE76C7F2333E32500073A4A /* RestaurantInteractor.swift in Sources */,
				2EE76C812333E38D00073A4A /* Executor.swift in Sources */,
				2E884B492347581A0074CAE7 /* SequenceExtension.swift in Sources */,
				2EE76C7C2333E1C900073A4A /* RestaurantController.swift in Sources */,
				2E54310E2334F09E0094C6EE /* RemoteRestaurantRepository.swift in Sources */,
				2EE76C9B2333E57A00073A4A /* RestaurantViewModel.swift in Sources */,
				2EE76CA52334C66A00073A4A /* AppRouter.swift in Sources */,
				2EE76C992333E49F00073A4A /* RestaurantPresenterImpl.swift in Sources */,
				2E5431122334F0AA0094C6EE /* Caller.swift in Sources */,
				2E67E4952360A2190049316C /* TripAdvisorSectionView.swift in Sources */,
				2EFF244423619E5B0059F38A /* RestaurantPresenter.swift in Sources */,
				2E306C542333DD1C00AF58CD /* AppDelegate.swift in Sources */,
			);
			runOnlyForDeploymentPostprocessing = 0;
		};
		2EE76CAB2334D6A400073A4A /* Sources */ = {
			isa = PBXSourcesBuildPhase;
			buildActionMask = 2147483647;
			files = (
				2EE76CBA2334D6FC00073A4A /* MockExecutor.swift in Sources */,
				2EE76CBD2334DA2300073A4A /* RestaurantInteractorTests.swift in Sources */,
				2EE76CB22334D6A400073A4A /* RestaurantControllerTests.swift in Sources */,
				2EC7FEDD2361072C00C9D88B /* RestaurantParserTests.swift in Sources */,
				2EEB1360233507E600445292 /* RestaurantPresenterTests.swift in Sources */,
				2E5431142334F0D50094C6EE /* RemoteRestaurantRepositoryTests.swift in Sources */,
			);
			runOnlyForDeploymentPostprocessing = 0;
		};
/* End PBXSourcesBuildPhase section */

/* Begin PBXTargetDependency section */
		2EE76CB52334D6A400073A4A /* PBXTargetDependency */ = {
			isa = PBXTargetDependency;
			target = 2E306C4F2333DD1C00AF58CD /* LaFourchette */;
			targetProxy = 2EE76CB42334D6A400073A4A /* PBXContainerItemProxy */;
		};
/* End PBXTargetDependency section */

/* Begin XCBuildConfiguration section */
		2E306C632333DD1D00AF58CD /* Debug */ = {
			isa = XCBuildConfiguration;
			buildSettings = {
				ALWAYS_SEARCH_USER_PATHS = NO;
				CLANG_ANALYZER_NONNULL = YES;
				CLANG_ANALYZER_NUMBER_OBJECT_CONVERSION = YES_AGGRESSIVE;
				CLANG_CXX_LANGUAGE_STANDARD = "gnu++14";
				CLANG_CXX_LIBRARY = "libc++";
				CLANG_ENABLE_MODULES = YES;
				CLANG_ENABLE_OBJC_ARC = YES;
				CLANG_ENABLE_OBJC_WEAK = YES;
				CLANG_WARN_BLOCK_CAPTURE_AUTORELEASING = YES;
				CLANG_WARN_BOOL_CONVERSION = YES;
				CLANG_WARN_COMMA = YES;
				CLANG_WARN_CONSTANT_CONVERSION = YES;
				CLANG_WARN_DEPRECATED_OBJC_IMPLEMENTATIONS = YES;
				CLANG_WARN_DIRECT_OBJC_ISA_USAGE = YES_ERROR;
				CLANG_WARN_DOCUMENTATION_COMMENTS = YES;
				CLANG_WARN_EMPTY_BODY = YES;
				CLANG_WARN_ENUM_CONVERSION = YES;
				CLANG_WARN_INFINITE_RECURSION = YES;
				CLANG_WARN_INT_CONVERSION = YES;
				CLANG_WARN_NON_LITERAL_NULL_CONVERSION = YES;
				CLANG_WARN_OBJC_IMPLICIT_RETAIN_SELF = YES;
				CLANG_WARN_OBJC_LITERAL_CONVERSION = YES;
				CLANG_WARN_OBJC_ROOT_CLASS = YES_ERROR;
				CLANG_WARN_RANGE_LOOP_ANALYSIS = YES;
				CLANG_WARN_STRICT_PROTOTYPES = YES;
				CLANG_WARN_SUSPICIOUS_MOVE = YES;
				CLANG_WARN_UNGUARDED_AVAILABILITY = YES_AGGRESSIVE;
				CLANG_WARN_UNREACHABLE_CODE = YES;
				CLANG_WARN__DUPLICATE_METHOD_MATCH = YES;
				CODE_SIGN_IDENTITY = "iPhone Developer";
				COPY_PHASE_STRIP = NO;
				DEBUG_INFORMATION_FORMAT = dwarf;
				ENABLE_STRICT_OBJC_MSGSEND = YES;
				ENABLE_TESTABILITY = YES;
				GCC_C_LANGUAGE_STANDARD = gnu11;
				GCC_DYNAMIC_NO_PIC = NO;
				GCC_NO_COMMON_BLOCKS = YES;
				GCC_OPTIMIZATION_LEVEL = 0;
				GCC_PREPROCESSOR_DEFINITIONS = (
					"DEBUG=1",
					"$(inherited)",
				);
				GCC_WARN_64_TO_32_BIT_CONVERSION = YES;
				GCC_WARN_ABOUT_RETURN_TYPE = YES_ERROR;
				GCC_WARN_UNDECLARED_SELECTOR = YES;
				GCC_WARN_UNINITIALIZED_AUTOS = YES_AGGRESSIVE;
				GCC_WARN_UNUSED_FUNCTION = YES;
				GCC_WARN_UNUSED_VARIABLE = YES;
				IPHONEOS_DEPLOYMENT_TARGET = 12.4;
				MTL_ENABLE_DEBUG_INFO = INCLUDE_SOURCE;
				MTL_FAST_MATH = YES;
				ONLY_ACTIVE_ARCH = YES;
				SDKROOT = iphoneos;
				SWIFT_ACTIVE_COMPILATION_CONDITIONS = DEBUG;
				SWIFT_OPTIMIZATION_LEVEL = "-Onone";
			};
			name = Debug;
		};
		2E306C642333DD1D00AF58CD /* Release */ = {
			isa = XCBuildConfiguration;
			buildSettings = {
				ALWAYS_SEARCH_USER_PATHS = NO;
				CLANG_ANALYZER_NONNULL = YES;
				CLANG_ANALYZER_NUMBER_OBJECT_CONVERSION = YES_AGGRESSIVE;
				CLANG_CXX_LANGUAGE_STANDARD = "gnu++14";
				CLANG_CXX_LIBRARY = "libc++";
				CLANG_ENABLE_MODULES = YES;
				CLANG_ENABLE_OBJC_ARC = YES;
				CLANG_ENABLE_OBJC_WEAK = YES;
				CLANG_WARN_BLOCK_CAPTURE_AUTORELEASING = YES;
				CLANG_WARN_BOOL_CONVERSION = YES;
				CLANG_WARN_COMMA = YES;
				CLANG_WARN_CONSTANT_CONVERSION = YES;
				CLANG_WARN_DEPRECATED_OBJC_IMPLEMENTATIONS = YES;
				CLANG_WARN_DIRECT_OBJC_ISA_USAGE = YES_ERROR;
				CLANG_WARN_DOCUMENTATION_COMMENTS = YES;
				CLANG_WARN_EMPTY_BODY = YES;
				CLANG_WARN_ENUM_CONVERSION = YES;
				CLANG_WARN_INFINITE_RECURSION = YES;
				CLANG_WARN_INT_CONVERSION = YES;
				CLANG_WARN_NON_LITERAL_NULL_CONVERSION = YES;
				CLANG_WARN_OBJC_IMPLICIT_RETAIN_SELF = YES;
				CLANG_WARN_OBJC_LITERAL_CONVERSION = YES;
				CLANG_WARN_OBJC_ROOT_CLASS = YES_ERROR;
				CLANG_WARN_RANGE_LOOP_ANALYSIS = YES;
				CLANG_WARN_STRICT_PROTOTYPES = YES;
				CLANG_WARN_SUSPICIOUS_MOVE = YES;
				CLANG_WARN_UNGUARDED_AVAILABILITY = YES_AGGRESSIVE;
				CLANG_WARN_UNREACHABLE_CODE = YES;
				CLANG_WARN__DUPLICATE_METHOD_MATCH = YES;
				CODE_SIGN_IDENTITY = "iPhone Developer";
				COPY_PHASE_STRIP = NO;
				DEBUG_INFORMATION_FORMAT = "dwarf-with-dsym";
				ENABLE_NS_ASSERTIONS = NO;
				ENABLE_STRICT_OBJC_MSGSEND = YES;
				GCC_C_LANGUAGE_STANDARD = gnu11;
				GCC_NO_COMMON_BLOCKS = YES;
				GCC_WARN_64_TO_32_BIT_CONVERSION = YES;
				GCC_WARN_ABOUT_RETURN_TYPE = YES_ERROR;
				GCC_WARN_UNDECLARED_SELECTOR = YES;
				GCC_WARN_UNINITIALIZED_AUTOS = YES_AGGRESSIVE;
				GCC_WARN_UNUSED_FUNCTION = YES;
				GCC_WARN_UNUSED_VARIABLE = YES;
				IPHONEOS_DEPLOYMENT_TARGET = 12.4;
				MTL_ENABLE_DEBUG_INFO = NO;
				MTL_FAST_MATH = YES;
				SDKROOT = iphoneos;
				SWIFT_COMPILATION_MODE = wholemodule;
				SWIFT_OPTIMIZATION_LEVEL = "-O";
				VALIDATE_PRODUCT = YES;
			};
			name = Release;
		};
		2E306C662333DD1D00AF58CD /* Debug */ = {
			isa = XCBuildConfiguration;
			buildSettings = {
				ASSETCATALOG_COMPILER_APPICON_NAME = AppIcon;
				CODE_SIGN_STYLE = Automatic;
				DEVELOPMENT_TEAM = 3YFUK27DKT;
				INFOPLIST_FILE = LaFourchette/Info.plist;
				IPHONEOS_DEPLOYMENT_TARGET = 9.0;
				LD_RUNPATH_SEARCH_PATHS = (
					"$(inherited)",
					"@executable_path/Frameworks",
				);
				PRODUCT_BUNDLE_IDENTIFIER = fr.octo.LaFourchette;
				PRODUCT_NAME = LaFourchette;
				SWIFT_VERSION = 5.0;
				TARGETED_DEVICE_FAMILY = "1,2";
			};
			name = Debug;
		};
		2E306C672333DD1D00AF58CD /* Release */ = {
			isa = XCBuildConfiguration;
			buildSettings = {
				ASSETCATALOG_COMPILER_APPICON_NAME = AppIcon;
				CODE_SIGN_STYLE = Automatic;
				DEVELOPMENT_TEAM = 3YFUK27DKT;
				INFOPLIST_FILE = LaFourchette/Info.plist;
				IPHONEOS_DEPLOYMENT_TARGET = 9.0;
				LD_RUNPATH_SEARCH_PATHS = (
					"$(inherited)",
					"@executable_path/Frameworks",
				);
				PRODUCT_BUNDLE_IDENTIFIER = fr.octo.LaFourchette;
				PRODUCT_NAME = LaFourchette;
				SWIFT_VERSION = 5.0;
				TARGETED_DEVICE_FAMILY = "1,2";
			};
			name = Release;
		};
		2EE76CB72334D6A400073A4A /* Debug */ = {
			isa = XCBuildConfiguration;
			buildSettings = {
				BUNDLE_LOADER = "$(TEST_HOST)";
				CODE_SIGN_STYLE = Automatic;
				DEVELOPMENT_TEAM = 3YFUK27DKT;
				INFOPLIST_FILE = LaFourchetteTests/Info.plist;
				LD_RUNPATH_SEARCH_PATHS = (
					"$(inherited)",
					"@executable_path/Frameworks",
					"@loader_path/Frameworks",
				);
				PRODUCT_BUNDLE_IDENTIFIER = fr.pba.LaFourchetteTests;
				PRODUCT_NAME = "$(TARGET_NAME)";
				SWIFT_VERSION = 5.0;
				TARGETED_DEVICE_FAMILY = "1,2";
				TEST_HOST = "$(BUILT_PRODUCTS_DIR)/LaFourchette.app/LaFourchette";
			};
			name = Debug;
		};
		2EE76CB82334D6A400073A4A /* Release */ = {
			isa = XCBuildConfiguration;
			buildSettings = {
				BUNDLE_LOADER = "$(TEST_HOST)";
				CODE_SIGN_STYLE = Automatic;
				DEVELOPMENT_TEAM = 3YFUK27DKT;
				INFOPLIST_FILE = LaFourchetteTests/Info.plist;
				LD_RUNPATH_SEARCH_PATHS = (
					"$(inherited)",
					"@executable_path/Frameworks",
					"@loader_path/Frameworks",
				);
				PRODUCT_BUNDLE_IDENTIFIER = fr.pba.LaFourchetteTests;
				PRODUCT_NAME = "$(TARGET_NAME)";
				SWIFT_VERSION = 5.0;
				TARGETED_DEVICE_FAMILY = "1,2";
				TEST_HOST = "$(BUILT_PRODUCTS_DIR)/LaFourchette.app/LaFourchette";
			};
			name = Release;
		};
/* End XCBuildConfiguration section */

/* Begin XCConfigurationList section */
		2E306C4B2333DD1C00AF58CD /* Build configuration list for PBXProject "LaFourchette" */ = {
			isa = XCConfigurationList;
			buildConfigurations = (
				2E306C632333DD1D00AF58CD /* Debug */,
				2E306C642333DD1D00AF58CD /* Release */,
			);
			defaultConfigurationIsVisible = 0;
			defaultConfigurationName = Release;
		};
		2E306C652333DD1D00AF58CD /* Build configuration list for PBXNativeTarget "LaFourchette" */ = {
			isa = XCConfigurationList;
			buildConfigurations = (
				2E306C662333DD1D00AF58CD /* Debug */,
				2E306C672333DD1D00AF58CD /* Release */,
			);
			defaultConfigurationIsVisible = 0;
			defaultConfigurationName = Release;
		};
		2EE76CB62334D6A400073A4A /* Build configuration list for PBXNativeTarget "LaFourchetteTests" */ = {
			isa = XCConfigurationList;
			buildConfigurations = (
				2EE76CB72334D6A400073A4A /* Debug */,
				2EE76CB82334D6A400073A4A /* Release */,
			);
			defaultConfigurationIsVisible = 0;
			defaultConfigurationName = Release;
		};
/* End XCConfigurationList section */
	};
	rootObject = 2E306C482333DD1C00AF58CD /* Project object */;
}
